
Microsoft Visual Studio Solution File, Format Version 12.00
# Visual Studio Version 17
VisualStudioVersion = 17.7.34031.279
MinimumVisualStudioVersion = 10.0.40219.1
Project("{FAE04EC0-301F-11D3-BF4B-00C04F79EFBC}") = "TrackerLibrary", "TrackerLibrary\TrackerLibrary.csproj", "{20CDC086-6AA6-4091-8EE0-7A303FCB7534}"
EndProject
Project("{FAE04EC0-301F-11D3-BF4B-00C04F79EFBC}") = "TrackerUI", "TrackerUI\TrackerUI.csproj", "{DE849505-4D1C-4005-BC38-5FF6A16246E6}"
EndProject
Global
	GlobalSection(SolutionConfigurationPlatforms) = preSolution
		Debug|Any CPU = Debug|Any CPU
		Release|Any CPU = Release|Any CPU
	EndGlobalSection
	GlobalSection(ProjectConfigurationPlatforms) = postSolution
		{20CDC086-6AA6-4091-8EE0-7A303FCB7534}.Debug|Any CPU.ActiveCfg = Debug|Any CPU
		{20CDC086-6AA6-4091-8EE0-7A303FCB7534}.Debug|Any CPU.Build.0 = Debug|Any CPU
		{20CDC086-6AA6-4091-8EE0-7A303FCB7534}.Release|Any CPU.ActiveCfg = Release|Any CPU
		{20CDC086-6AA6-4091-8EE0-7A303FCB7534}.Release|Any CPU.Build.0 = Release|Any CPU
		{DE849505-4D1C-4005-BC38-5FF6A16246E6}.Debug|Any CPU.ActiveCfg = Debug|Any CPU
		{DE849505-4D1C-4005-BC38-5FF6A16246E6}.Debug|Any CPU.Build.0 = Debug|Any CPU
		{DE849505-4D1C-4005-BC38-5FF6A16246E6}.Release|Any CPU.ActiveCfg = Release|Any CPU
		{DE849505-4D1C-4005-BC38-5FF6A16246E6}.Release|Any CPU.Build.0 = Release|Any CPU
	EndGlobalSection
	GlobalSection(SolutionProperties) = preSolution
		HideSolutionNode = FALSE
	EndGlobalSection
	GlobalSection(ExtensibilityGlobals) = postSolution
		SolutionGuid = {A3A1F085-581E-4EBB-97F2-DDD2E4C430AF}
	EndGlobalSection
EndGlobal
